
Microsoft Visual Studio Solution File, Format Version 12.00
# Visual Studio 15
VisualStudioVersion = 15.0.28307.757
MinimumVisualStudioVersion = 10.0.40219.1
Project("{2150E333-8FDC-42A3-9474-1A3956D46DE8}") = "Modules", "Modules", "{918EC7E8-B072-48E2-8EA1-D6C2079A77F1}"
EndProject
Project("{2150E333-8FDC-42A3-9474-1A3956D46DE8}") = "Utilities", "Utilities", "{5F26E83D-5436-4422-B101-D994359397EE}"
EndProject
Project("{FAE04EC0-301F-11D3-BF4B-00C04F79EFBC}") = "PEF.Common", "PEF.Common\PEF.Common.csproj", "{789260E4-CFB8-4AE9-9612-6E9AE13554D2}"
EndProject
Project("{FAE04EC0-301F-11D3-BF4B-00C04F79EFBC}") = "PEF.Http.Utilities", "PEF.Http.Utilities\PEF.Http.Utilities.csproj", "{14ABF361-A4EF-42AD-A769-1E6C698A429E}"
EndProject
Project("{FAE04EC0-301F-11D3-BF4B-00C04F79EFBC}") = "PEF.Logger", "PEF.Logger\PEF.Logger.csproj", "{B8F228A0-CE2C-477A-A1C3-E01F3E7EFF28}"
EndProject
Project("{FAE04EC0-301F-11D3-BF4B-00C04F79EFBC}") = "PEF.Socket.Utilities", "PEF.Socket.Utilities\PEF.Socket.Utilities.csproj", "{FEB94A41-1804-4DEA-B305-E5207148AE70}"
EndProject
Project("{FAE04EC0-301F-11D3-BF4B-00C04F79EFBC}") = "PEF.Modules.AuthTerminal", "PEF.Modules.AuthTerminal\PEF.Modules.AuthTerminal.csproj", "{CFE070B8-7A4A-4E26-802D-3B3140B48840}"
EndProject
Project("{FAE04EC0-301F-11D3-BF4B-00C04F79EFBC}") = "PEF.Modules.LogView", "PEF.Modules.LogView\PEF.Modules.LogView.csproj", "{850913E6-E606-41C4-8272-6CA87423870C}"
EndProject
Project("{FAE04EC0-301F-11D3-BF4B-00C04F79EFBC}") = "PEF.Modules.Main", "PEF.Modules.Main\PEF.Modules.Main.csproj", "{4C63CD14-413C-49CA-BBF0-7A3518758F3A}"
EndProject
Project("{FAE04EC0-301F-11D3-BF4B-00C04F79EFBC}") = "PEF.Modules.RecyclingBin", "PEF.Modules.RecyclingBin\PEF.Modules.RecyclingBin.csproj", "{921C0DDC-6A52-42E8-B0B4-75C282BF9710}"
EndProject
Project("{FAE04EC0-301F-11D3-BF4B-00C04F79EFBC}") = "PEF.Modules.SGDE", "PEF.Modules.SGDE\PEF.Modules.SGDE.csproj", "{4772C566-E590-44EC-A1A2-6686E53475C6}"
EndProject
Project("{FAE04EC0-301F-11D3-BF4B-00C04F79EFBC}") = "PEF.Modules.ShoeBox", "PEF.Modules.ShoeBox\PEF.Modules.ShoeBox.csproj", "{4ECEF961-512E-4E2E-892A-2AA83FAA8E27}"
EndProject
Project("{FAE04EC0-301F-11D3-BF4B-00C04F79EFBC}") = "PEF.Modules.Simulator", "PEF.Modules.Simulator\PEF.Modules.Simulator.csproj", "{46F2A6F8-98E3-450B-A55B-F4CF047B8B71}"
EndProject
Project("{FAE04EC0-301F-11D3-BF4B-00C04F79EFBC}") = "PEF.Shell", "PEF.Shell\PEF.Shell.csproj", "{DB3DF5F3-8E77-4BAF-825E-ED70CFEFB010}"
EndProject
Global
	GlobalSection(SolutionConfigurationPlatforms) = preSolution
		Debug|Any CPU = Debug|Any CPU
		Release|Any CPU = Release|Any CPU
	EndGlobalSection
	GlobalSection(ProjectConfigurationPlatforms) = postSolution
		{789260E4-CFB8-4AE9-9612-6E9AE13554D2}.Debug|Any CPU.ActiveCfg = Debug|Any CPU
		{789260E4-CFB8-4AE9-9612-6E9AE13554D2}.Debug|Any CPU.Build.0 = Debug|Any CPU
		{789260E4-CFB8-4AE9-9612-6E9AE13554D2}.Release|Any CPU.ActiveCfg = Release|Any CPU
		{789260E4-CFB8-4AE9-9612-6E9AE13554D2}.Release|Any CPU.Build.0 = Release|Any CPU
		{14ABF361-A4EF-42AD-A769-1E6C698A429E}.Debug|Any CPU.ActiveCfg = Debug|Any CPU
		{14ABF361-A4EF-42AD-A769-1E6C698A429E}.Debug|Any CPU.Build.0 = Debug|Any CPU
		{14ABF361-A4EF-42AD-A769-1E6C698A429E}.Release|Any CPU.ActiveCfg = Release|Any CPU
		{14ABF361-A4EF-42AD-A769-1E6C698A429E}.Release|Any CPU.Build.0 = Release|Any CPU
		{B8F228A0-CE2C-477A-A1C3-E01F3E7EFF28}.Debug|Any CPU.ActiveCfg = Debug|Any CPU
		{B8F228A0-CE2C-477A-A1C3-E01F3E7EFF28}.Debug|Any CPU.Build.0 = Debug|Any CPU
		{B8F228A0-CE2C-477A-A1C3-E01F3E7EFF28}.Release|Any CPU.ActiveCfg = Release|Any CPU
		{B8F228A0-CE2C-477A-A1C3-E01F3E7EFF28}.Release|Any CPU.Build.0 = Release|Any CPU
		{FEB94A41-1804-4DEA-B305-E5207148AE70}.Debug|Any CPU.ActiveCfg = Debug|Any CPU
		{FEB94A41-1804-4DEA-B305-E5207148AE70}.Debug|Any CPU.Build.0 = Debug|Any CPU
		{FEB94A41-1804-4DEA-B305-E5207148AE70}.Release|Any CPU.ActiveCfg = Release|Any CPU
		{FEB94A41-1804-4DEA-B305-E5207148AE70}.Release|Any CPU.Build.0 = Release|Any CPU
		{CFE070B8-7A4A-4E26-802D-3B3140B48840}.Debug|Any CPU.ActiveCfg = Debug|Any CPU
		{CFE070B8-7A4A-4E26-802D-3B3140B48840}.Debug|Any CPU.Build.0 = Debug|Any CPU
		{CFE070B8-7A4A-4E26-802D-3B3140B48840}.Release|Any CPU.ActiveCfg = Release|Any CPU
		{CFE070B8-7A4A-4E26-802D-3B3140B48840}.Release|Any CPU.Build.0 = Release|Any CPU
		{850913E6-E606-41C4-8272-6CA87423870C}.Debug|Any CPU.ActiveCfg = Debug|Any CPU
		{850913E6-E606-41C4-8272-6CA87423870C}.Debug|Any CPU.Build.0 = Debug|Any CPU
		{850913E6-E606-41C4-8272-6CA87423870C}.Release|Any CPU.ActiveCfg = Release|Any CPU
		{850913E6-E606-41C4-8272-6CA87423870C}.Release|Any CPU.Build.0 = Release|Any CPU
		{4C63CD14-413C-49CA-BBF0-7A3518758F3A}.Debug|Any CPU.ActiveCfg = Debug|Any CPU
		{4C63CD14-413C-49CA-BBF0-7A3518758F3A}.Debug|Any CPU.Build.0 = Debug|Any CPU
		{4C63CD14-413C-49CA-BBF0-7A3518758F3A}.Release|Any CPU.ActiveCfg = Release|Any CPU
		{4C63CD14-413C-49CA-BBF0-7A3518758F3A}.Release|Any CPU.Build.0 = Release|Any CPU
		{921C0DDC-6A52-42E8-B0B4-75C282BF9710}.Debug|Any CPU.ActiveCfg = Debug|Any CPU
		{921C0DDC-6A52-42E8-B0B4-75C282BF9710}.Debug|Any CPU.Build.0 = Debug|Any CPU
		{921C0DDC-6A52-42E8-B0B4-75C282BF9710}.Release|Any CPU.ActiveCfg = Release|Any CPU
		{921C0DDC-6A52-42E8-B0B4-75C282BF9710}.Release|Any CPU.Build.0 = Release|Any CPU
		{4772C566-E590-44EC-A1A2-6686E53475C6}.Debug|Any CPU.ActiveCfg = Debug|Any CPU
		{4772C566-E590-44EC-A1A2-6686E53475C6}.Debug|Any CPU.Build.0 = Debug|Any CPU
		{4772C566-E590-44EC-A1A2-6686E53475C6}.Release|Any CPU.ActiveCfg = Release|Any CPU
		{4772C566-E590-44EC-A1A2-6686E53475C6}.Release|Any CPU.Build.0 = Release|Any CPU
		{4ECEF961-512E-4E2E-892A-2AA83FAA8E27}.Debug|Any CPU.ActiveCfg = Debug|Any CPU
		{4ECEF961-512E-4E2E-892A-2AA83FAA8E27}.Debug|Any CPU.Build.0 = Debug|Any CPU
		{4ECEF961-512E-4E2E-892A-2AA83FAA8E27}.Release|Any CPU.ActiveCfg = Release|Any CPU
		{4ECEF961-512E-4E2E-892A-2AA83FAA8E27}.Release|Any CPU.Build.0 = Release|Any CPU
		{46F2A6F8-98E3-450B-A55B-F4CF047B8B71}.Debug|Any CPU.ActiveCfg = Debug|Any CPU
		{46F2A6F8-98E3-450B-A55B-F4CF047B8B71}.Debug|Any CPU.Build.0 = Debug|Any CPU
		{46F2A6F8-98E3-450B-A55B-F4CF047B8B71}.Release|Any CPU.ActiveCfg = Release|Any CPU
		{46F2A6F8-98E3-450B-A55B-F4CF047B8B71}.Release|Any CPU.Build.0 = Release|Any CPU
		{DB3DF5F3-8E77-4BAF-825E-ED70CFEFB010}.Debug|Any CPU.ActiveCfg = Debug|Any CPU
		{DB3DF5F3-8E77-4BAF-825E-ED70CFEFB010}.Debug|Any CPU.Build.0 = Debug|Any CPU
		{DB3DF5F3-8E77-4BAF-825E-ED70CFEFB010}.Release|Any CPU.ActiveCfg = Release|Any CPU
		{DB3DF5F3-8E77-4BAF-825E-ED70CFEFB010}.Release|Any CPU.Build.0 = Release|Any CPU
	EndGlobalSection
	GlobalSection(SolutionProperties) = preSolution
		HideSolutionNode = FALSE
	EndGlobalSection
	GlobalSection(NestedProjects) = preSolution
		{789260E4-CFB8-4AE9-9612-6E9AE13554D2} = {5F26E83D-5436-4422-B101-D994359397EE}
		{14ABF361-A4EF-42AD-A769-1E6C698A429E} = {5F26E83D-5436-4422-B101-D994359397EE}
		{B8F228A0-CE2C-477A-A1C3-E01F3E7EFF28} = {5F26E83D-5436-4422-B101-D994359397EE}
		{FEB94A41-1804-4DEA-B305-E5207148AE70} = {5F26E83D-5436-4422-B101-D994359397EE}
		{CFE070B8-7A4A-4E26-802D-3B3140B48840} = {918EC7E8-B072-48E2-8EA1-D6C2079A77F1}
		{850913E6-E606-41C4-8272-6CA87423870C} = {918EC7E8-B072-48E2-8EA1-D6C2079A77F1}
		{4C63CD14-413C-49CA-BBF0-7A3518758F3A} = {918EC7E8-B072-48E2-8EA1-D6C2079A77F1}
		{921C0DDC-6A52-42E8-B0B4-75C282BF9710} = {918EC7E8-B072-48E2-8EA1-D6C2079A77F1}
		{4772C566-E590-44EC-A1A2-6686E53475C6} = {918EC7E8-B072-48E2-8EA1-D6C2079A77F1}
		{4ECEF961-512E-4E2E-892A-2AA83FAA8E27} = {918EC7E8-B072-48E2-8EA1-D6C2079A77F1}
		{46F2A6F8-98E3-450B-A55B-F4CF047B8B71} = {918EC7E8-B072-48E2-8EA1-D6C2079A77F1}
	EndGlobalSection
	GlobalSection(ExtensibilityGlobals) = postSolution
		SolutionGuid = {DA884261-91FB-485A-893D-873F177F5D0B}
	EndGlobalSection
EndGlobal
